
Microsoft Visual Studio Solution File, Format Version 12.00
# Visual Studio Version 16
VisualStudioVersion = 16.0.31205.134
MinimumVisualStudioVersion = 10.0.40219.1
Project("{FAE04EC0-301F-11D3-BF4B-00C04F79EFBC}") = "CarsAndManufacturers", "CarsAndManufacturers\CarsAndManufacturers.csproj", "{5DC953A7-7C0A-4F77-AE65-0F928B608DB1}"
EndProject
Global
	GlobalSection(SolutionConfigurationPlatforms) = preSolution
		Debug|Any CPU = Debug|Any CPU
		Release|Any CPU = Release|Any CPU
	EndGlobalSection
	GlobalSection(ProjectConfigurationPlatforms) = postSolution
		{5DC953A7-7C0A-4F77-AE65-0F928B608DB1}.Debug|Any CPU.ActiveCfg = Debug|Any CPU
		{5DC953A7-7C0A-4F77-AE65-0F928B608DB1}.Debug|Any CPU.Build.0 = Debug|Any CPU
		{5DC953A7-7C0A-4F77-AE65-0F928B608DB1}.Release|Any CPU.ActiveCfg = Release|Any CPU
		{5DC953A7-7C0A-4F77-AE65-0F928B608DB1}.Release|Any CPU.Build.0 = Release|Any CPU
	EndGlobalSection
	GlobalSection(SolutionProperties) = preSolution
		HideSolutionNode = FALSE
	EndGlobalSection
	GlobalSection(ExtensibilityGlobals) = postSolution
		SolutionGuid = {66AB6434-7CA1-426E-AC5B-7E828F7BAF28}
	EndGlobalSection
EndGlobal
